// !$*UTF8*$!
{
	archiveVersion = 1;
	classes = {
	};
	objectVersion = 56;
	objects = {

/* Begin PBXBuildFile section */
		0D7E19E22B98F85C007293F4 /* ecodetectiveApp.swift in Sources */ = {isa = PBXBuildFile; fileRef = 0D7E19E12B98F85C007293F4 /* ecodetectiveApp.swift */; };
		0D7E19E42B98F85C007293F4 /* ContentView.swift in Sources */ = {isa = PBXBuildFile; fileRef = 0D7E19E32B98F85C007293F4 /* ContentView.swift */; };
		0D7E19E62B98F85D007293F4 /* Assets.xcassets in Resources */ = {isa = PBXBuildFile; fileRef = 0D7E19E52B98F85D007293F4 /* Assets.xcassets */; };
		0D7E19E92B98F85D007293F4 /* Preview Assets.xcassets in Resources */ = {isa = PBXBuildFile; fileRef = 0D7E19E82B98F85D007293F4 /* Preview Assets.xcassets */; };
		0D7E19F32B98F85D007293F4 /* ecodetectiveTests.swift in Sources */ = {isa = PBXBuildFile; fileRef = 0D7E19F22B98F85D007293F4 /* ecodetectiveTests.swift */; };
		0D7E19FD2B98F85D007293F4 /* ecodetectiveUITests.swift in Sources */ = {isa = PBXBuildFile; fileRef = 0D7E19FC2B98F85D007293F4 /* ecodetectiveUITests.swift */; };
		0D7E19FF2B98F85D007293F4 /* ecodetectiveUITestsLaunchTests.swift in Sources */ = {isa = PBXBuildFile; fileRef = 0D7E19FE2B98F85D007293F4 /* ecodetectiveUITestsLaunchTests.swift */; };
/* End PBXBuildFile section */

/* Begin PBXContainerItemProxy section */
		0D7E19EF2B98F85D007293F4 /* PBXContainerItemProxy */ = {
			isa = PBXContainerItemProxy;
			containerPortal = 0D7E19D62B98F85C007293F4 /* Project object */;
			proxyType = 1;
			remoteGlobalIDString = 0D7E19DD2B98F85C007293F4;
			remoteInfo = ecodetective;
		};
		0D7E19F92B98F85D007293F4 /* PBXContainerItemProxy */ = {
			isa = PBXContainerItemProxy;
			containerPortal = 0D7E19D62B98F85C007293F4 /* Project object */;
			proxyType = 1;
			remoteGlobalIDString = 0D7E19DD2B98F85C007293F4;
			remoteInfo = ecodetective;
		};
/* End PBXContainerItemProxy section */

/* Begin PBXFileReference section */
		0D7E19DE2B98F85C007293F4 /* ecodetective.app */ = {isa = PBXFileReference; explicitFileType = wrapper.application; includeInIndex = 0; path = ecodetective.app; sourceTree = BUILT_PRODUCTS_DIR; };
		0D7E19E12B98F85C007293F4 /* ecodetectiveApp.swift */ = {isa = PBXFileReference; lastKnownFileType = sourcecode.swift; path = ecodetectiveApp.swift; sourceTree = "<group>"; };
		0D7E19E32B98F85C007293F4 /* ContentView.swift */ = {isa = PBXFileReference; lastKnownFileType = sourcecode.swift; path = ContentView.swift; sourceTree = "<group>"; };
		0D7E19E52B98F85D007293F4 /* Assets.xcassets */ = {isa = PBXFileReference; lastKnownFileType = folder.assetcatalog; path = Assets.xcassets; sourceTree = "<group>"; };
		0D7E19E82B98F85D007293F4 /* Preview Assets.xcassets */ = {isa = PBXFileReference; lastKnownFileType = folder.assetcatalog; path = "Preview Assets.xcassets"; sourceTree = "<group>"; };
		0D7E19EE2B98F85D007293F4 /* ecodetectiveTests.xctest */ = {isa = PBXFileReference; explicitFileType = wrapper.cfbundle; includeInIndex = 0; path = ecodetectiveTests.xctest; sourceTree = BUILT_PRODUCTS_DIR; };
		0D7E19F22B98F85D007293F4 /* ecodetectiveTests.swift */ = {isa = PBXFileReference; lastKnownFileType = sourcecode.swift; path = ecodetectiveTests.swift; sourceTree = "<group>"; };
		0D7E19F82B98F85D007293F4 /* ecodetectiveUITests.xctest */ = {isa = PBXFileReference; explicitFileType = wrapper.cfbundle; includeInIndex = 0; path = ecodetectiveUITests.xctest; sourceTree = BUILT_PRODUCTS_DIR; };
		0D7E19FC2B98F85D007293F4 /* ecodetectiveUITests.swift */ = {isa = PBXFileReference; lastKnownFileType = sourcecode.swift; path = ecodetectiveUITests.swift; sourceTree = "<group>"; };
		0D7E19FE2B98F85D007293F4 /* ecodetectiveUITestsLaunchTests.swift */ = {isa = PBXFileReference; lastKnownFileType = sourcecode.swift; path = ecodetectiveUITestsLaunchTests.swift; sourceTree = "<group>"; };
/* End PBXFileReference section */

/* Begin PBXFrameworksBuildPhase section */
		0D7E19DB2B98F85C007293F4 /* Frameworks */ = {
			isa = PBXFrameworksBuildPhase;
			buildActionMask = 2147483647;
			files = (
			);
			runOnlyForDeploymentPostprocessing = 0;
		};
		0D7E19EB2B98F85D007293F4 /* Frameworks */ = {
			isa = PBXFrameworksBuildPhase;
			buildActionMask = 2147483647;
			files = (
			);
			runOnlyForDeploymentPostprocessing = 0;
		};
		0D7E19F52B98F85D007293F4 /* Frameworks */ = {
			isa = PBXFrameworksBuildPhase;
			buildActionMask = 2147483647;
			files = (
			);
			runOnlyForDeploymentPostprocessing = 0;
		};
/* End PBXFrameworksBuildPhase section */

/* Begin PBXGroup section */
		0D7E19D52B98F85C007293F4 = {
			isa = PBXGroup;
			children = (
				0D7E19E02B98F85C007293F4 /* ecodetective */,
				0D7E19F12B98F85D007293F4 /* ecodetectiveTests */,
				0D7E19FB2B98F85D007293F4 /* ecodetectiveUITests */,
				0D7E19DF2B98F85C007293F4 /* Products */,
			);
			sourceTree = "<group>";
		};
		0D7E19DF2B98F85C007293F4 /* Products */ = {
			isa = PBXGroup;
			children = (
				0D7E19DE2B98F85C007293F4 /* ecodetective.app */,
				0D7E19EE2B98F85D007293F4 /* ecodetectiveTests.xctest */,
				0D7E19F82B98F85D007293F4 /* ecodetectiveUITests.xctest */,
			);
			name = Products;
			sourceTree = "<group>";
		};
		0D7E19E02B98F85C007293F4 /* ecodetective */ = {
			isa = PBXGroup;
			children = (
				0D7E19E12B98F85C007293F4 /* ecodetectiveApp.swift */,
				0D7E19E32B98F85C007293F4 /* ContentView.swift */,
				0D7E19E52B98F85D007293F4 /* Assets.xcassets */,
				0D7E19E72B98F85D007293F4 /* Preview Content */,
			);
			path = ecodetective;
			sourceTree = "<group>";
		};
		0D7E19E72B98F85D007293F4 /* Preview Content */ = {
			isa = PBXGroup;
			children = (
				0D7E19E82B98F85D007293F4 /* Preview Assets.xcassets */,
			);
			path = "Preview Content";
			sourceTree = "<group>";
		};
		0D7E19F12B98F85D007293F4 /* ecodetectiveTests */ = {
			isa = PBXGroup;
			children = (
				0D7E19F22B98F85D007293F4 /* ecodetectiveTests.swift */,
			);
			path = ecodetectiveTests;
			sourceTree = "<group>";
		};
		0D7E19FB2B98F85D007293F4 /* ecodetectiveUITests */ = {
			isa = PBXGroup;
			children = (
				0D7E19FC2B98F85D007293F4 /* ecodetectiveUITests.swift */,
				0D7E19FE2B98F85D007293F4 /* ecodetectiveUITestsLaunchTests.swift */,
			);
			path = ecodetectiveUITests;
			sourceTree = "<group>";
		};
/* End PBXGroup section */

/* Begin PBXNativeTarget section */
		0D7E19DD2B98F85C007293F4 /* ecodetective */ = {
			isa = PBXNativeTarget;
			buildConfigurationList = 0D7E1A022B98F85D007293F4 /* Build configuration list for PBXNativeTarget "ecodetective" */;
			buildPhases = (
				0D7E19DA2B98F85C007293F4 /* Sources */,
				0D7E19DB2B98F85C007293F4 /* Frameworks */,
				0D7E19DC2B98F85C007293F4 /* Resources */,
			);
			buildRules = (
			);
			dependencies = (
			);
			name = ecodetective;
			productName = ecodetective;
			productReference = 0D7E19DE2B98F85C007293F4 /* ecodetective.app */;
			productType = "com.apple.product-type.application";
		};
		0D7E19ED2B98F85D007293F4 /* ecodetectiveTests */ = {
			isa = PBXNativeTarget;
			buildConfigurationList = 0D7E1A052B98F85D007293F4 /* Build configuration list for PBXNativeTarget "ecodetectiveTests" */;
			buildPhases = (
				0D7E19EA2B98F85D007293F4 /* Sources */,
				0D7E19EB2B98F85D007293F4 /* Frameworks */,
				0D7E19EC2B98F85D007293F4 /* Resources */,
			);
			buildRules = (
			);
			dependencies = (
				0D7E19F02B98F85D007293F4 /* PBXTargetDependency */,
			);
			name = ecodetectiveTests;
			productName = ecodetectiveTests;
			productReference = 0D7E19EE2B98F85D007293F4 /* ecodetectiveTests.xctest */;
			productType = "com.apple.product-type.bundle.unit-test";
		};
		0D7E19F72B98F85D007293F4 /* ecodetectiveUITests */ = {
			isa = PBXNativeTarget;
			buildConfigurationList = 0D7E1A082B98F85D007293F4 /* Build configuration list for PBXNativeTarget "ecodetectiveUITests" */;
			buildPhases = (
				0D7E19F42B98F85D007293F4 /* Sources */,
				0D7E19F52B98F85D007293F4 /* Frameworks */,
				0D7E19F62B98F85D007293F4 /* Resources */,
			);
			buildRules = (
			);
			dependencies = (
				0D7E19FA2B98F85D007293F4 /* PBXTargetDependency */,
			);
			name = ecodetectiveUITests;
			productName = ecodetectiveUITests;
			productReference = 0D7E19F82B98F85D007293F4 /* ecodetectiveUITests.xctest */;
			productType = "com.apple.product-type.bundle.ui-testing";
		};
/* End PBXNativeTarget section */

/* Begin PBXProject section */
		0D7E19D62B98F85C007293F4 /* Project object */ = {
			isa = PBXProject;
			attributes = {
				BuildIndependentTargetsInParallel = 1;
				LastSwiftUpdateCheck = 1530;
				LastUpgradeCheck = 1530;
				TargetAttributes = {
					0D7E19DD2B98F85C007293F4 = {
						CreatedOnToolsVersion = 15.3;
					};
					0D7E19ED2B98F85D007293F4 = {
						CreatedOnToolsVersion = 15.3;
						TestTargetID = 0D7E19DD2B98F85C007293F4;
					};
					0D7E19F72B98F85D007293F4 = {
						CreatedOnToolsVersion = 15.3;
						TestTargetID = 0D7E19DD2B98F85C007293F4;
					};
				};
			};
			buildConfigurationList = 0D7E19D92B98F85C007293F4 /* Build configuration list for PBXProject "ecodetective" */;
			compatibilityVersion = "Xcode 14.0";
			developmentRegion = en;
			hasScannedForEncodings = 0;
			knownRegions = (
				en,
				Base,
			);
			mainGroup = 0D7E19D52B98F85C007293F4;
			productRefGroup = 0D7E19DF2B98F85C007293F4 /* Products */;
			projectDirPath = "";
			projectRoot = "";
			targets = (
				0D7E19DD2B98F85C007293F4 /* ecodetective */,
				0D7E19ED2B98F85D007293F4 /* ecodetectiveTests */,
				0D7E19F72B98F85D007293F4 /* ecodetectiveUITests */,
			);
		};
/* End PBXProject section */

/* Begin PBXResourcesBuildPhase section */
		0D7E19DC2B98F85C007293F4 /* Resources */ = {
			isa = PBXResourcesBuildPhase;
			buildActionMask = 2147483647;
			files = (
				0D7E19E92B98F85D007293F4 /* Preview Assets.xcassets in Resources */,
				0D7E19E62B98F85D007293F4 /* Assets.xcassets in Resources */,
			);
			runOnlyForDeploymentPostprocessing = 0;
		};
		0D7E19EC2B98F85D007293F4 /* Resources */ = {
			isa = PBXResourcesBuildPhase;
			buildActionMask = 2147483647;
			files = (
			);
			runOnlyForDeploymentPostprocessing = 0;
		};
		0D7E19F62B98F85D007293F4 /* Resources */ = {
			isa = PBXResourcesBuildPhase;
			buildActionMask = 2147483647;
			files = (
			);
			runOnlyForDeploymentPostprocessing = 0;
		};
/* End PBXResourcesBuildPhase section */

/* Begin PBXSourcesBuildPhase section */
		0D7E19DA2B98F85C007293F4 /* Sources */ = {
			isa = PBXSourcesBuildPhase;
			buildActionMask = 2147483647;
			files = (
				0D7E19E42B98F85C007293F4 /* ContentView.swift in Sources */,
				0D7E19E22B98F85C007293F4 /* ecodetectiveApp.swift in Sources */,
			);
			runOnlyForDeploymentPostprocessing = 0;
		};
		0D7E19EA2B98F85D007293F4 /* Sources */ = {
			isa = PBXSourcesBuildPhase;
			buildActionMask = 2147483647;
			files = (
				0D7E19F32B98F85D007293F4 /* ecodetectiveTests.swift in Sources */,
			);
			runOnlyForDeploymentPostprocessing = 0;
		};
		0D7E19F42B98F85D007293F4 /* Sources */ = {
			isa = PBXSourcesBuildPhase;
			buildActionMask = 2147483647;
			files = (
				0D7E19FF2B98F85D007293F4 /* ecodetectiveUITestsLaunchTests.swift in Sources */,
				0D7E19FD2B98F85D007293F4 /* ecodetectiveUITests.swift in Sources */,
			);
			runOnlyForDeploymentPostprocessing = 0;
		};
/* End PBXSourcesBuildPhase section */

/* Begin PBXTargetDependency section */
		0D7E19F02B98F85D007293F4 /* PBXTargetDependency */ = {
			isa = PBXTargetDependency;
			target = 0D7E19DD2B98F85C007293F4 /* ecodetective */;
			targetProxy = 0D7E19EF2B98F85D007293F4 /* PBXContainerItemProxy */;
		};
		0D7E19FA2B98F85D007293F4 /* PBXTargetDependency */ = {
			isa = PBXTargetDependency;
			target = 0D7E19DD2B98F85C007293F4 /* ecodetective */;
			targetProxy = 0D7E19F92B98F85D007293F4 /* PBXContainerItemProxy */;
		};
/* End PBXTargetDependency section */

/* Begin XCBuildConfiguration section */
		0D7E1A002B98F85D007293F4 /* Debug */ = {
			isa = XCBuildConfiguration;
			buildSettings = {
				ALWAYS_SEARCH_USER_PATHS = NO;
				ASSETCATALOG_COMPILER_GENERATE_SWIFT_ASSET_SYMBOL_EXTENSIONS = YES;
				CLANG_ANALYZER_NONNULL = YES;
				CLANG_ANALYZER_NUMBER_OBJECT_CONVERSION = YES_AGGRESSIVE;
				CLANG_CXX_LANGUAGE_STANDARD = "gnu++20";
				CLANG_ENABLE_MODULES = YES;
				CLANG_ENABLE_OBJC_ARC = YES;
				CLANG_ENABLE_OBJC_WEAK = YES;
				CLANG_WARN_BLOCK_CAPTURE_AUTORELEASING = YES;
				CLANG_WARN_BOOL_CONVERSION = YES;
				CLANG_WARN_COMMA = YES;
				CLANG_WARN_CONSTANT_CONVERSION = YES;
				CLANG_WARN_DEPRECATED_OBJC_IMPLEMENTATIONS = YES;
				CLANG_WARN_DIRECT_OBJC_ISA_USAGE = YES_ERROR;
				CLANG_WARN_DOCUMENTATION_COMMENTS = YES;
				CLANG_WARN_EMPTY_BODY = YES;
				CLANG_WARN_ENUM_CONVERSION = YES;
				CLANG_WARN_INFINITE_RECURSION = YES;
				CLANG_WARN_INT_CONVERSION = YES;
				CLANG_WARN_NON_LITERAL_NULL_CONVERSION = YES;
				CLANG_WARN_OBJC_IMPLICIT_RETAIN_SELF = YES;
				CLANG_WARN_OBJC_LITERAL_CONVERSION = YES;
				CLANG_WARN_OBJC_ROOT_CLASS = YES_ERROR;
				CLANG_WARN_QUOTED_INCLUDE_IN_FRAMEWORK_HEADER = YES;
				CLANG_WARN_RANGE_LOOP_ANALYSIS = YES;
				CLANG_WARN_STRICT_PROTOTYPES = YES;
				CLANG_WARN_SUSPICIOUS_MOVE = YES;
				CLANG_WARN_UNGUARDED_AVAILABILITY = YES_AGGRESSIVE;
				CLANG_WARN_UNREACHABLE_CODE = YES;
				CLANG_WARN__DUPLICATE_METHOD_MATCH = YES;
				COPY_PHASE_STRIP = NO;
				DEBUG_INFORMATION_FORMAT = dwarf;
				ENABLE_STRICT_OBJC_MSGSEND = YES;
				ENABLE_TESTABILITY = YES;
				ENABLE_USER_SCRIPT_SANDBOXING = YES;
				GCC_C_LANGUAGE_STANDARD = gnu17;
				GCC_DYNAMIC_NO_PIC = NO;
				GCC_NO_COMMON_BLOCKS = YES;
				GCC_OPTIMIZATION_LEVEL = 0;
				GCC_PREPROCESSOR_DEFINITIONS = (
					"DEBUG=1",
					"$(inherited)",
				);
				GCC_WARN_64_TO_32_BIT_CONVERSION = YES;
				GCC_WARN_ABOUT_RETURN_TYPE = YES_ERROR;
				GCC_WARN_UNDECLARED_SELECTOR = YES;
				GCC_WARN_UNINITIALIZED_AUTOS = YES_AGGRESSIVE;
				GCC_WARN_UNUSED_FUNCTION = YES;
				GCC_WARN_UNUSED_VARIABLE = YES;
				IPHONEOS_DEPLOYMENT_TARGET = 17.0;
				LOCALIZATION_PREFERS_STRING_CATALOGS = YES;
				MTL_ENABLE_DEBUG_INFO = INCLUDE_SOURCE;
				MTL_FAST_MATH = YES;
				ONLY_ACTIVE_ARCH = YES;
				SDKROOT = iphoneos;
				SWIFT_ACTIVE_COMPILATION_CONDITIONS = "DEBUG $(inherited)";
				SWIFT_OPTIMIZATION_LEVEL = "-Onone";
			};
			name = Debug;
		};
		0D7E1A012B98F85D007293F4 /* Release */ = {
			isa = XCBuildConfiguration;
			buildSettings = {
				ALWAYS_SEARCH_USER_PATHS = NO;
				ASSETCATALOG_COMPILER_GENERATE_SWIFT_ASSET_SYMBOL_EXTENSIONS = YES;
				CLANG_ANALYZER_NONNULL = YES;
				CLANG_ANALYZER_NUMBER_OBJECT_CONVERSION = YES_AGGRESSIVE;
				CLANG_CXX_LANGUAGE_STANDARD = "gnu++20";
				CLANG_ENABLE_MODULES = YES;
				CLANG_ENABLE_OBJC_ARC = YES;
				CLANG_ENABLE_OBJC_WEAK = YES;
				CLANG_WARN_BLOCK_CAPTURE_AUTORELEASING = YES;
				CLANG_WARN_BOOL_CONVERSION = YES;
				CLANG_WARN_COMMA = YES;
				CLANG_WARN_CONSTANT_CONVERSION = YES;
				CLANG_WARN_DEPRECATED_OBJC_IMPLEMENTATIONS = YES;
				CLANG_WARN_DIRECT_OBJC_ISA_USAGE = YES_ERROR;
				CLANG_WARN_DOCUMENTATION_COMMENTS = YES;
				CLANG_WARN_EMPTY_BODY = YES;
				CLANG_WARN_ENUM_CONVERSION = YES;
				CLANG_WARN_INFINITE_RECURSION = YES;
				CLANG_WARN_INT_CONVERSION = YES;
				CLANG_WARN_NON_LITERAL_NULL_CONVERSION = YES;
				CLANG_WARN_OBJC_IMPLICIT_RETAIN_SELF = YES;
				CLANG_WARN_OBJC_LITERAL_CONVERSION = YES;
				CLANG_WARN_OBJC_ROOT_CLASS = YES_ERROR;
				CLANG_WARN_QUOTED_INCLUDE_IN_FRAMEWORK_HEADER = YES;
				CLANG_WARN_RANGE_LOOP_ANALYSIS = YES;
				CLANG_WARN_STRICT_PROTOTYPES = YES;
				CLANG_WARN_SUSPICIOUS_MOVE = YES;
				CLANG_WARN_UNGUARDED_AVAILABILITY = YES_AGGRESSIVE;
				CLANG_WARN_UNREACHABLE_CODE = YES;
				CLANG_WARN__DUPLICATE_METHOD_MATCH = YES;
				COPY_PHASE_STRIP = NO;
				DEBUG_INFORMATION_FORMAT = "dwarf-with-dsym";
				ENABLE_NS_ASSERTIONS = NO;
				ENABLE_STRICT_OBJC_MSGSEND = YES;
				ENABLE_USER_SCRIPT_SANDBOXING = YES;
				GCC_C_LANGUAGE_STANDARD = gnu17;
				GCC_NO_COMMON_BLOCKS = YES;
				GCC_WARN_64_TO_32_BIT_CONVERSION = YES;
				GCC_WARN_ABOUT_RETURN_TYPE = YES_ERROR;
				GCC_WARN_UNDECLARED_SELECTOR = YES;
				GCC_WARN_UNINITIALIZED_AUTOS = YES_AGGRESSIVE;
				GCC_WARN_UNUSED_FUNCTION = YES;
				GCC_WARN_UNUSED_VARIABLE = YES;
				IPHONEOS_DEPLOYMENT_TARGET = 17.0;
				LOCALIZATION_PREFERS_STRING_CATALOGS = YES;
				MTL_ENABLE_DEBUG_INFO = NO;
				MTL_FAST_MATH = YES;
				SDKROOT = iphoneos;
				SWIFT_COMPILATION_MODE = wholemodule;
				VALIDATE_PRODUCT = YES;
			};
			name = Release;
		};
		0D7E1A032B98F85D007293F4 /* Debug */ = {
			isa = XCBuildConfiguration;
			buildSettings = {
				ASSETCATALOG_COMPILER_APPICON_NAME = AppIcon;
				ASSETCATALOG_COMPILER_GLOBAL_ACCENT_COLOR_NAME = AccentColor;
				CODE_SIGN_STYLE = Automatic;
				CURRENT_PROJECT_VERSION = 1;
				DEVELOPMENT_ASSET_PATHS = "\"ecodetective/Preview Content\"";
				DEVELOPMENT_TEAM = "";
				ENABLE_PREVIEWS = YES;
				GENERATE_INFOPLIST_FILE = YES;
				INFOPLIST_KEY_LSApplicationCategoryType = "public.app-category.lifestyle";
				INFOPLIST_KEY_UIApplicationSceneManifest_Generation = YES;
				INFOPLIST_KEY_UIApplicationSupportsIndirectInputEvents = YES;
				INFOPLIST_KEY_UILaunchScreen_Generation = YES;
				INFOPLIST_KEY_UISupportedInterfaceOrientations_iPad = "UIInterfaceOrientationPortrait UIInterfaceOrientationPortraitUpsideDown UIInterfaceOrientationLandscapeLeft UIInterfaceOrientationLandscapeRight";
				INFOPLIST_KEY_UISupportedInterfaceOrientations_iPhone = "UIInterfaceOrientationPortrait UIInterfaceOrientationLandscapeLeft UIInterfaceOrientationLandscapeRight";
				LD_RUNPATH_SEARCH_PATHS = (
					"$(inherited)",
					"@executable_path/Frameworks",
				);
				MARKETING_VERSION = 1.0;
				PRODUCT_BUNDLE_IDENTIFIER = www.ecoalimentos.ecodetective;
				PRODUCT_NAME = "$(TARGET_NAME)";
				SWIFT_EMIT_LOC_STRINGS = YES;
				SWIFT_VERSION = 5.0;
				TARGETED_DEVICE_FAMILY = "1,2";
			};
			name = Debug;
		};
		0D7E1A042B98F85D007293F4 /* Release */ = {
			isa = XCBuildConfiguration;
			buildSettings = {
				ASSETCATALOG_COMPILER_APPICON_NAME = AppIcon;
				ASSETCATALOG_COMPILER_GLOBAL_ACCENT_COLOR_NAME = AccentColor;
				CODE_SIGN_STYLE = Automatic;
				CURRENT_PROJECT_VERSION = 1;
				DEVELOPMENT_ASSET_PATHS = "\"ecodetective/Preview Content\"";
				DEVELOPMENT_TEAM = "";
				ENABLE_PREVIEWS = YES;
				GENERATE_INFOPLIST_FILE = YES;
				INFOPLIST_KEY_LSApplicationCategoryType = "public.app-category.lifestyle";
				INFOPLIST_KEY_UIApplicationSceneManifest_Generation = YES;
				INFOPLIST_KEY_UIApplicationSupportsIndirectInputEvents = YES;
				INFOPLIST_KEY_UILaunchScreen_Generation = YES;
				INFOPLIST_KEY_UISupportedInterfaceOrientations_iPad = "UIInterfaceOrientationPortrait UIInterfaceOrientationPortraitUpsideDown UIInterfaceOrientationLandscapeLeft UIInterfaceOrientationLandscapeRight";
				INFOPLIST_KEY_UISupportedInterfaceOrientations_iPhone = "UIInterfaceOrientationPortrait UIInterfaceOrientationLandscapeLeft UIInterfaceOrientationLandscapeRight";
				LD_RUNPATH_SEARCH_PATHS = (
					"$(inherited)",
					"@executable_path/Frameworks",
				);
				MARKETING_VERSION = 1.0;
				PRODUCT_BUNDLE_IDENTIFIER = www.ecoalimentos.ecodetective;
				PRODUCT_NAME = "$(TARGET_NAME)";
				SWIFT_EMIT_LOC_STRINGS = YES;
				SWIFT_VERSION = 5.0;
				TARGETED_DEVICE_FAMILY = "1,2";
			};
			name = Release;
		};
		0D7E1A062B98F85D007293F4 /* Debug */ = {
			isa = XCBuildConfiguration;
			buildSettings = {
				ALWAYS_EMBED_SWIFT_STANDARD_LIBRARIES = YES;
				BUNDLE_LOADER = "$(TEST_HOST)";
				CODE_SIGN_STYLE = Automatic;
				CURRENT_PROJECT_VERSION = 1;
				GENERATE_INFOPLIST_FILE = YES;
				IPHONEOS_DEPLOYMENT_TARGET = 17.4;
				MARKETING_VERSION = 1.0;
				PRODUCT_BUNDLE_IDENTIFIER = www.ecoalimentos.ecodetectiveTests;
				PRODUCT_NAME = "$(TARGET_NAME)";
				SWIFT_EMIT_LOC_STRINGS = NO;
				SWIFT_VERSION = 5.0;
				TARGETED_DEVICE_FAMILY = "1,2";
				TEST_HOST = "$(BUILT_PRODUCTS_DIR)/ecodetective.app/$(BUNDLE_EXECUTABLE_FOLDER_PATH)/ecodetective";
			};
			name = Debug;
		};
		0D7E1A072B98F85D007293F4 /* Release */ = {
			isa = XCBuildConfiguration;
			buildSettings = {
				ALWAYS_EMBED_SWIFT_STANDARD_LIBRARIES = YES;
				BUNDLE_LOADER = "$(TEST_HOST)";
				CODE_SIGN_STYLE = Automatic;
				CURRENT_PROJECT_VERSION = 1;
				GENERATE_INFOPLIST_FILE = YES;
				IPHONEOS_DEPLOYMENT_TARGET = 17.4;
				MARKETING_VERSION = 1.0;
				PRODUCT_BUNDLE_IDENTIFIER = www.ecoalimentos.ecodetectiveTests;
				PRODUCT_NAME = "$(TARGET_NAME)";
				SWIFT_EMIT_LOC_STRINGS = NO;
				SWIFT_VERSION = 5.0;
				TARGETED_DEVICE_FAMILY = "1,2";
				TEST_HOST = "$(BUILT_PRODUCTS_DIR)/ecodetective.app/$(BUNDLE_EXECUTABLE_FOLDER_PATH)/ecodetective";
			};
			name = Release;
		};
		0D7E1A092B98F85D007293F4 /* Debug */ = {
			isa = XCBuildConfiguration;
			buildSettings = {
				ALWAYS_EMBED_SWIFT_STANDARD_LIBRARIES = YES;
				CODE_SIGN_STYLE = Automatic;
				CURRENT_PROJECT_VERSION = 1;
				GENERATE_INFOPLIST_FILE = YES;
				MARKETING_VERSION = 1.0;
				PRODUCT_BUNDLE_IDENTIFIER = www.ecoalimentos.ecodetectiveUITests;
				PRODUCT_NAME = "$(TARGET_NAME)";
				SWIFT_EMIT_LOC_STRINGS = NO;
				SWIFT_VERSION = 5.0;
				TARGETED_DEVICE_FAMILY = "1,2";
				TEST_TARGET_NAME = ecodetective;
			};
			name = Debug;
		};
		0D7E1A0A2B98F85D007293F4 /* Release */ = {
			isa = XCBuildConfiguration;
			buildSettings = {
				ALWAYS_EMBED_SWIFT_STANDARD_LIBRARIES = YES;
				CODE_SIGN_STYLE = Automatic;
				CURRENT_PROJECT_VERSION = 1;
				GENERATE_INFOPLIST_FILE = YES;
				MARKETING_VERSION = 1.0;
				PRODUCT_BUNDLE_IDENTIFIER = www.ecoalimentos.ecodetectiveUITests;
				PRODUCT_NAME = "$(TARGET_NAME)";
				SWIFT_EMIT_LOC_STRINGS = NO;
				SWIFT_VERSION = 5.0;
				TARGETED_DEVICE_FAMILY = "1,2";
				TEST_TARGET_NAME = ecodetective;
			};
			name = Release;
		};
/* End XCBuildConfiguration section */

/* Begin XCConfigurationList section */
		0D7E19D92B98F85C007293F4 /* Build configuration list for PBXProject "ecodetective" */ = {
			isa = XCConfigurationList;
			buildConfigurations = (
				0D7E1A002B98F85D007293F4 /* Debug */,
				0D7E1A012B98F85D007293F4 /* Release */,
			);
			defaultConfigurationIsVisible = 0;
			defaultConfigurationName = Release;
		};
		0D7E1A022B98F85D007293F4 /* Build configuration list for PBXNativeTarget "ecodetective" */ = {
			isa = XCConfigurationList;
			buildConfigurations = (
				0D7E1A032B98F85D007293F4 /* Debug */,
				0D7E1A042B98F85D007293F4 /* Release */,
			);
			defaultConfigurationIsVisible = 0;
			defaultConfigurationName = Release;
		};
		0D7E1A052B98F85D007293F4 /* Build configuration list for PBXNativeTarget "ecodetectiveTests" */ = {
			isa = XCConfigurationList;
			buildConfigurations = (
				0D7E1A062B98F85D007293F4 /* Debug */,
				0D7E1A072B98F85D007293F4 /* Release */,
			);
			defaultConfigurationIsVisible = 0;
			defaultConfigurationName = Release;
		};
		0D7E1A082B98F85D007293F4 /* Build configuration list for PBXNativeTarget "ecodetectiveUITests" */ = {
			isa = XCConfigurationList;
			buildConfigurations = (
				0D7E1A092B98F85D007293F4 /* Debug */,
				0D7E1A0A2B98F85D007293F4 /* Release */,
			);
			defaultConfigurationIsVisible = 0;
			defaultConfigurationName = Release;
		};
/* End XCConfigurationList section */
	};
	rootObject = 0D7E19D62B98F85C007293F4 /* Project object */;
}
